{
  "name": "cleo_tienda",
  "version": "1.0.0",
  "lockfileVersion": 2,
  "requires": true,
  "packages": {
    "": {
      "name": "cleo_tienda",
      "version": "1.0.0",
      "license": "ISC",
      "dependencies": {
        "@flaticon/flaticon-uicons": "^1.7.0"
      }
    },
    "node_modules/@flaticon/flaticon-uicons": {
      "version": "1.7.0",
      "resolved": "https://registry.npmjs.org/@flaticon/flaticon-uicons/-/flaticon-uicons-1.7.0.tgz",
      "integrity": "sha512-bpcvplYZs8Wt5yIPeeOF41vwUaZeDQvJAlKJN9UQidS8xqTF2Cjkh7IZ4WcKNnSWeczslP0NgXwegS9VeR21tw==",
      "hasInstallScript": true,
      "optionalDependencies": {
        "esbuild-linux-64": "^0.14.5"
      }
    },
    "node_modules/esbuild-linux-64": {
      "version": "0.14.41",
      "resolved": "https://registry.npmjs.org/esbuild-linux-64/-/esbuild-linux-64-0.14.41.tgz",
      "integrity": "sha512-PeI0bfbv+5ondZRhPRszptp3RQRRAPxpOB2CYDphKske5+UlCXPi4Af+T++OqhV5TEpymTfxJdJQ1sn1w32coA==",
      "cpu": [
        "x64"
      ],
      "optional": true,
      "os": [
        "linux"
      ],
      "engines": {
        "node": ">=12"
      }
    }
  },
  "dependencies": {
    "@flaticon/flaticon-uicons": {
      "version": "1.7.0",
      "resolved": "https://registry.npmjs.org/@flaticon/flaticon-uicons/-/flaticon-uicons-1.7.0.tgz",
      "integrity": "sha512-bpcvplYZs8Wt5yIPeeOF41vwUaZeDQvJAlKJN9UQidS8xqTF2Cjkh7IZ4WcKNnSWeczslP0NgXwegS9VeR21tw==",
      "requires": {
        "esbuild-linux-64": "^0.14.5"
      }
    },
    "esbuild-linux-64": {
      "version": "0.14.41",
      "resolved": "https://registry.npmjs.org/esbuild-linux-64/-/esbuild-linux-64-0.14.41.tgz",
      "integrity": "sha512-PeI0bfbv+5ondZRhPRszptp3RQRRAPxpOB2CYDphKske5+UlCXPi4Af+T++OqhV5TEpymTfxJdJQ1sn1w32coA==",
      "optional": true
    }
  }
}
